
Microsoft Visual Studio Solution File, Format Version 12.00
# Visual Studio Version 16
VisualStudioVersion = 16.0.30804.86
MinimumVisualStudioVersion = 10.0.40219.1
Project("{9A19103F-16F7-4668-BE54-9A1E7A4F7556}") = "DataAccess", "DataAccess\DataAccess.csproj", "{B99DFCB6-B10A-4E74-97DA-F8E5F6C2A044}"
EndProject
Project("{9A19103F-16F7-4668-BE54-9A1E7A4F7556}") = "Business", "Business\Business.csproj", "{A4E3CCAD-77EE-453B-8B61-5E30B07C55A0}"
EndProject
Project("{9A19103F-16F7-4668-BE54-9A1E7A4F7556}") = "Entities", "Entities\Entities.csproj", "{91CACFD7-07D1-40B4-A649-03E0316B6A6E}"
EndProject
Project("{9A19103F-16F7-4668-BE54-9A1E7A4F7556}") = "ConsoleUI", "ConsoleUI\ConsoleUI.csproj", "{E8606483-2A60-4884-AA44-ABB608F9AF8D}"
EndProject
Project("{9A19103F-16F7-4668-BE54-9A1E7A4F7556}") = "Core", "Core\Core.csproj", "{8DD7F463-E869-4272-8F73-2D443A2AE727}"
EndProject
Project("{FAE04EC0-301F-11D3-BF4B-00C04F79EFBC}") = "WebAPI", "WebAPI\WebAPI.csproj", "{8CABD582-AB93-43F9-82CE-ABB3E53FF881}"
EndProject
Global
	GlobalSection(SolutionConfigurationPlatforms) = preSolution
		Debug|Any CPU = Debug|Any CPU
		Release|Any CPU = Release|Any CPU
	EndGlobalSection
	GlobalSection(ProjectConfigurationPlatforms) = postSolution
		{B99DFCB6-B10A-4E74-97DA-F8E5F6C2A044}.Debug|Any CPU.ActiveCfg = Debug|Any CPU
		{B99DFCB6-B10A-4E74-97DA-F8E5F6C2A044}.Debug|Any CPU.Build.0 = Debug|Any CPU
		{B99DFCB6-B10A-4E74-97DA-F8E5F6C2A044}.Release|Any CPU.ActiveCfg = Release|Any CPU
		{B99DFCB6-B10A-4E74-97DA-F8E5F6C2A044}.Release|Any CPU.Build.0 = Release|Any CPU
		{A4E3CCAD-77EE-453B-8B61-5E30B07C55A0}.Debug|Any CPU.ActiveCfg = Debug|Any CPU
		{A4E3CCAD-77EE-453B-8B61-5E30B07C55A0}.Debug|Any CPU.Build.0 = Debug|Any CPU
		{A4E3CCAD-77EE-453B-8B61-5E30B07C55A0}.Release|Any CPU.ActiveCfg = Release|Any CPU
		{A4E3CCAD-77EE-453B-8B61-5E30B07C55A0}.Release|Any CPU.Build.0 = Release|Any CPU
		{91CACFD7-07D1-40B4-A649-03E0316B6A6E}.Debug|Any CPU.ActiveCfg = Debug|Any CPU
		{91CACFD7-07D1-40B4-A649-03E0316B6A6E}.Debug|Any CPU.Build.0 = Debug|Any CPU
		{91CACFD7-07D1-40B4-A649-03E0316B6A6E}.Release|Any CPU.ActiveCfg = Release|Any CPU
		{91CACFD7-07D1-40B4-A649-03E0316B6A6E}.Release|Any CPU.Build.0 = Release|Any CPU
		{E8606483-2A60-4884-AA44-ABB608F9AF8D}.Debug|Any CPU.ActiveCfg = Debug|Any CPU
		{E8606483-2A60-4884-AA44-ABB608F9AF8D}.Debug|Any CPU.Build.0 = Debug|Any CPU
		{E8606483-2A60-4884-AA44-ABB608F9AF8D}.Release|Any CPU.ActiveCfg = Release|Any CPU
		{E8606483-2A60-4884-AA44-ABB608F9AF8D}.Release|Any CPU.Build.0 = Release|Any CPU
		{8DD7F463-E869-4272-8F73-2D443A2AE727}.Debug|Any CPU.ActiveCfg = Debug|Any CPU
		{8DD7F463-E869-4272-8F73-2D443A2AE727}.Debug|Any CPU.Build.0 = Debug|Any CPU
		{8DD7F463-E869-4272-8F73-2D443A2AE727}.Release|Any CPU.ActiveCfg = Release|Any CPU
		{8DD7F463-E869-4272-8F73-2D443A2AE727}.Release|Any CPU.Build.0 = Release|Any CPU
		{8CABD582-AB93-43F9-82CE-ABB3E53FF881}.Debug|Any CPU.ActiveCfg = Debug|Any CPU
		{8CABD582-AB93-43F9-82CE-ABB3E53FF881}.Debug|Any CPU.Build.0 = Debug|Any CPU
		{8CABD582-AB93-43F9-82CE-ABB3E53FF881}.Release|Any CPU.ActiveCfg = Release|Any CPU
		{8CABD582-AB93-43F9-82CE-ABB3E53FF881}.Release|Any CPU.Build.0 = Release|Any CPU
	EndGlobalSection
	GlobalSection(SolutionProperties) = preSolution
		HideSolutionNode = FALSE
	EndGlobalSection
	GlobalSection(ExtensibilityGlobals) = postSolution
		SolutionGuid = {3AF5CADF-DC8E-45D5-A60B-B17D65FAD4D9}
	EndGlobalSection
EndGlobal
